
Microsoft Visual Studio Solution File, Format Version 12.00
# Visual Studio Version 17
VisualStudioVersion = 17.6.33723.286
MinimumVisualStudioVersion = 10.0.40219.1
Project("{9A19103F-16F7-4668-BE54-9A1E7A4F7556}") = "InventoryManagement.Api", "InventoryManagement.Api.csproj", "{2D1BCA43-C42D-4812-A722-2F3D0385741A}"
EndProject
Project("{9A19103F-16F7-4668-BE54-9A1E7A4F7556}") = "InventoryManagement.Application", "..\InventoryManagement.Application\InventoryManagement.Application.csproj", "{F236783D-75E7-4FD1-90A4-41D721047FE1}"
EndProject
Project("{FAE04EC0-301F-11D3-BF4B-00C04F79EFBC}") = "InventoryManagement.Domain", "..\InventoryManagement.Domain\InventoryManagement.Domain.csproj", "{7E637B65-1334-44C2-9488-6A36DFE91AFB}"
EndProject
Project("{FAE04EC0-301F-11D3-BF4B-00C04F79EFBC}") = "InventoryManagement.Infrastructure", "..\InventoryManagement.Infrastructure\InventoryManagement.Infrastructure.csproj", "{7BA160CD-D3BE-4884-9ED3-6A2B63181AAA}"
EndProject
Global
	GlobalSection(SolutionConfigurationPlatforms) = preSolution
		Debug|Any CPU = Debug|Any CPU
		Release|Any CPU = Release|Any CPU
	EndGlobalSection
	GlobalSection(ProjectConfigurationPlatforms) = postSolution
		{2D1BCA43-C42D-4812-A722-2F3D0385741A}.Debug|Any CPU.ActiveCfg = Debug|Any CPU
		{2D1BCA43-C42D-4812-A722-2F3D0385741A}.Debug|Any CPU.Build.0 = Debug|Any CPU
		{2D1BCA43-C42D-4812-A722-2F3D0385741A}.Release|Any CPU.ActiveCfg = Release|Any CPU
		{2D1BCA43-C42D-4812-A722-2F3D0385741A}.Release|Any CPU.Build.0 = Release|Any CPU
		{F236783D-75E7-4FD1-90A4-41D721047FE1}.Debug|Any CPU.ActiveCfg = Debug|Any CPU
		{F236783D-75E7-4FD1-90A4-41D721047FE1}.Debug|Any CPU.Build.0 = Debug|Any CPU
		{F236783D-75E7-4FD1-90A4-41D721047FE1}.Release|Any CPU.ActiveCfg = Release|Any CPU
		{F236783D-75E7-4FD1-90A4-41D721047FE1}.Release|Any CPU.Build.0 = Release|Any CPU
		{7E637B65-1334-44C2-9488-6A36DFE91AFB}.Debug|Any CPU.ActiveCfg = Debug|Any CPU
		{7E637B65-1334-44C2-9488-6A36DFE91AFB}.Debug|Any CPU.Build.0 = Debug|Any CPU
		{7E637B65-1334-44C2-9488-6A36DFE91AFB}.Release|Any CPU.ActiveCfg = Release|Any CPU
		{7E637B65-1334-44C2-9488-6A36DFE91AFB}.Release|Any CPU.Build.0 = Release|Any CPU
		{7BA160CD-D3BE-4884-9ED3-6A2B63181AAA}.Debug|Any CPU.ActiveCfg = Debug|Any CPU
		{7BA160CD-D3BE-4884-9ED3-6A2B63181AAA}.Debug|Any CPU.Build.0 = Debug|Any CPU
		{7BA160CD-D3BE-4884-9ED3-6A2B63181AAA}.Release|Any CPU.ActiveCfg = Release|Any CPU
		{7BA160CD-D3BE-4884-9ED3-6A2B63181AAA}.Release|Any CPU.Build.0 = Release|Any CPU
	EndGlobalSection
	GlobalSection(SolutionProperties) = preSolution
		HideSolutionNode = FALSE
	EndGlobalSection
	GlobalSection(ExtensibilityGlobals) = postSolution
		SolutionGuid = {7D80E694-8396-4842-8AFF-76C38DF3E05F}
	EndGlobalSection
EndGlobal
